// !$*UTF8*$!
{
	archiveVersion = 1;
	classes = {
	};
	objectVersion = 46;
	objects = {

/* Begin PBXBuildFile section */
		3A36DC191C15937400687693 /* PersonalViewController.m in Sources */ = {isa = PBXBuildFile; fileRef = 3A36DC181C15937400687693 /* PersonalViewController.m */; settings = {ASSET_TAGS = (); }; };
		3A36DC201C15949800687693 /* HomeViewController.m in Sources */ = {isa = PBXBuildFile; fileRef = 3A36DC1F1C15949800687693 /* HomeViewController.m */; settings = {ASSET_TAGS = (); }; };
		3A36DC261C15B76200687693 /* UIViewController+Title.m in Sources */ = {isa = PBXBuildFile; fileRef = 3A36DC251C15B76200687693 /* UIViewController+Title.m */; settings = {ASSET_TAGS = (); }; };
		3A7F84E91C118BA2009BB05A /* InformationViewController.m in Sources */ = {isa = PBXBuildFile; fileRef = 3A7F84E81C118BA2009BB05A /* InformationViewController.m */; settings = {ASSET_TAGS = (); }; };
		3A7F84ED1C118C7C009BB05A /* AroundViewController.m in Sources */ = {isa = PBXBuildFile; fileRef = 3A7F84EC1C118C7C009BB05A /* AroundViewController.m */; settings = {ASSET_TAGS = (); }; };
		3A7F84F11C118CE4009BB05A /* RecordViewController.m in Sources */ = {isa = PBXBuildFile; fileRef = 3A7F84F01C118CE4009BB05A /* RecordViewController.m */; settings = {ASSET_TAGS = (); }; };
		3A7F84F51C118D93009BB05A /* DiscoveryViewController.m in Sources */ = {isa = PBXBuildFile; fileRef = 3A7F84F41C118D93009BB05A /* DiscoveryViewController.m */; settings = {ASSET_TAGS = (); }; };
		3A7F84F91C118DD8009BB05A /* MoreViewController.m in Sources */ = {isa = PBXBuildFile; fileRef = 3A7F84F81C118DD8009BB05A /* MoreViewController.m */; settings = {ASSET_TAGS = (); }; };
		3A7F84FE1C1193DD009BB05A /* UIView+extra.m in Sources */ = {isa = PBXBuildFile; fileRef = 3A7F84FD1C1193DD009BB05A /* UIView+extra.m */; settings = {ASSET_TAGS = (); }; };
		3A7F85021C11A40E009BB05A /* NSObject+Parse.m in Sources */ = {isa = PBXBuildFile; fileRef = 3A7F85011C11A40E009BB05A /* NSObject+Parse.m */; settings = {ASSET_TAGS = (); }; };
		3A9B33141C114DC900F47C86 /* main.m in Sources */ = {isa = PBXBuildFile; fileRef = 3A9B33131C114DC900F47C86 /* main.m */; };
		3A9B33171C114DC900F47C86 /* AppDelegate.m in Sources */ = {isa = PBXBuildFile; fileRef = 3A9B33161C114DC900F47C86 /* AppDelegate.m */; };
		3A9B331F1C114DC900F47C86 /* Assets.xcassets in Resources */ = {isa = PBXBuildFile; fileRef = 3A9B331E1C114DC900F47C86 /* Assets.xcassets */; };
		3A9B33221C114DC900F47C86 /* LaunchScreen.storyboard in Resources */ = {isa = PBXBuildFile; fileRef = 3A9B33201C114DC900F47C86 /* LaunchScreen.storyboard */; };
		3A9B332D1C114DC900F47C86 /* weiguangTests.m in Sources */ = {isa = PBXBuildFile; fileRef = 3A9B332C1C114DC900F47C86 /* weiguangTests.m */; };
		3A9B33381C114DC900F47C86 /* weiguangUITests.m in Sources */ = {isa = PBXBuildFile; fileRef = 3A9B33371C114DC900F47C86 /* weiguangUITests.m */; };
		3ACCAC031C155C0B00867313 /* LeftSlideViewController.m in Sources */ = {isa = PBXBuildFile; fileRef = 3ACCAC021C155C0B00867313 /* LeftSlideViewController.m */; settings = {ASSET_TAGS = (); }; };
		F665369F2CEEA044C1C04C64 /* libPods-weiguang.a in Frameworks */ = {isa = PBXBuildFile; fileRef = 0FABFD14EB7841E7009C0A04 /* libPods-weiguang.a */; };
/* End PBXBuildFile section */

/* Begin PBXContainerItemProxy section */
		3A9B33291C114DC900F47C86 /* PBXContainerItemProxy */ = {
			isa = PBXContainerItemProxy;
			containerPortal = 3A9B33071C114DC900F47C86 /* Project object */;
			proxyType = 1;
			remoteGlobalIDString = 3A9B330E1C114DC900F47C86;
			remoteInfo = weiguang;
		};
		3A9B33341C114DC900F47C86 /* PBXContainerItemProxy */ = {
			isa = PBXContainerItemProxy;
			containerPortal = 3A9B33071C114DC900F47C86 /* Project object */;
			proxyType = 1;
			remoteGlobalIDString = 3A9B330E1C114DC900F47C86;
			remoteInfo = weiguang;
		};
/* End PBXContainerItemProxy section */

/* Begin PBXFileReference section */
		0FABFD14EB7841E7009C0A04 /* libPods-weiguang.a */ = {isa = PBXFileReference; explicitFileType = archive.ar; includeInIndex = 0; path = "libPods-weiguang.a"; sourceTree = BUILT_PRODUCTS_DIR; };
		3A36DC171C15937400687693 /* PersonalViewController.h */ = {isa = PBXFileReference; fileEncoding = 4; lastKnownFileType = sourcecode.c.h; path = PersonalViewController.h; sourceTree = "<group>"; };
		3A36DC181C15937400687693 /* PersonalViewController.m */ = {isa = PBXFileReference; fileEncoding = 4; lastKnownFileType = sourcecode.c.objc; path = PersonalViewController.m; sourceTree = "<group>"; };
		3A36DC1E1C15949800687693 /* HomeViewController.h */ = {isa = PBXFileReference; fileEncoding = 4; lastKnownFileType = sourcecode.c.h; path = HomeViewController.h; sourceTree = "<group>"; };
		3A36DC1F1C15949800687693 /* HomeViewController.m */ = {isa = PBXFileReference; fileEncoding = 4; lastKnownFileType = sourcecode.c.objc; path = HomeViewController.m; sourceTree = "<group>"; };
		3A36DC241C15B76200687693 /* UIViewController+Title.h */ = {isa = PBXFileReference; fileEncoding = 4; lastKnownFileType = sourcecode.c.h; path = "UIViewController+Title.h"; sourceTree = "<group>"; };
		3A36DC251C15B76200687693 /* UIViewController+Title.m */ = {isa = PBXFileReference; fileEncoding = 4; lastKnownFileType = sourcecode.c.objc; path = "UIViewController+Title.m"; sourceTree = "<group>"; };
		3A7F84E71C118BA2009BB05A /* InformationViewController.h */ = {isa = PBXFileReference; fileEncoding = 4; lastKnownFileType = sourcecode.c.h; path = InformationViewController.h; sourceTree = "<group>"; };
		3A7F84E81C118BA2009BB05A /* InformationViewController.m */ = {isa = PBXFileReference; fileEncoding = 4; lastKnownFileType = sourcecode.c.objc; path = InformationViewController.m; sourceTree = "<group>"; };
		3A7F84EB1C118C7C009BB05A /* AroundViewController.h */ = {isa = PBXFileReference; fileEncoding = 4; lastKnownFileType = sourcecode.c.h; path = AroundViewController.h; sourceTree = "<group>"; };
		3A7F84EC1C118C7C009BB05A /* AroundViewController.m */ = {isa = PBXFileReference; fileEncoding = 4; lastKnownFileType = sourcecode.c.objc; path = AroundViewController.m; sourceTree = "<group>"; };
		3A7F84EF1C118CE4009BB05A /* RecordViewController.h */ = {isa = PBXFileReference; fileEncoding = 4; lastKnownFileType = sourcecode.c.h; path = RecordViewController.h; sourceTree = "<group>"; };
		3A7F84F01C118CE4009BB05A /* RecordViewController.m */ = {isa = PBXFileReference; fileEncoding = 4; lastKnownFileType = sourcecode.c.objc; path = RecordViewController.m; sourceTree = "<group>"; };
		3A7F84F31C118D93009BB05A /* DiscoveryViewController.h */ = {isa = PBXFileReference; fileEncoding = 4; lastKnownFileType = sourcecode.c.h; path = DiscoveryViewController.h; sourceTree = "<group>"; };
		3A7F84F41C118D93009BB05A /* DiscoveryViewController.m */ = {isa = PBXFileReference; fileEncoding = 4; lastKnownFileType = sourcecode.c.objc; path = DiscoveryViewController.m; sourceTree = "<group>"; };
		3A7F84F71C118DD8009BB05A /* MoreViewController.h */ = {isa = PBXFileReference; fileEncoding = 4; lastKnownFileType = sourcecode.c.h; path = MoreViewController.h; sourceTree = "<group>"; };
		3A7F84F81C118DD8009BB05A /* MoreViewController.m */ = {isa = PBXFileReference; fileEncoding = 4; lastKnownFileType = sourcecode.c.objc; path = MoreViewController.m; sourceTree = "<group>"; };
		3A7F84FC1C1193DD009BB05A /* UIView+extra.h */ = {isa = PBXFileReference; fileEncoding = 4; lastKnownFileType = sourcecode.c.h; path = "UIView+extra.h"; sourceTree = "<group>"; };
		3A7F84FD1C1193DD009BB05A /* UIView+extra.m */ = {isa = PBXFileReference; fileEncoding = 4; lastKnownFileType = sourcecode.c.objc; path = "UIView+extra.m"; sourceTree = "<group>"; };
		3A7F85001C11A40E009BB05A /* NSObject+Parse.h */ = {isa = PBXFileReference; fileEncoding = 4; lastKnownFileType = sourcecode.c.h; path = "NSObject+Parse.h"; sourceTree = "<group>"; };
		3A7F85011C11A40E009BB05A /* NSObject+Parse.m */ = {isa = PBXFileReference; fileEncoding = 4; lastKnownFileType = sourcecode.c.objc; path = "NSObject+Parse.m"; sourceTree = "<group>"; };
		3A9B330F1C114DC900F47C86 /* weiguang.app */ = {isa = PBXFileReference; explicitFileType = wrapper.application; includeInIndex = 0; path = weiguang.app; sourceTree = BUILT_PRODUCTS_DIR; };
		3A9B33131C114DC900F47C86 /* main.m */ = {isa = PBXFileReference; lastKnownFileType = sourcecode.c.objc; path = main.m; sourceTree = "<group>"; };
		3A9B33151C114DC900F47C86 /* AppDelegate.h */ = {isa = PBXFileReference; lastKnownFileType = sourcecode.c.h; path = AppDelegate.h; sourceTree = "<group>"; };
		3A9B33161C114DC900F47C86 /* AppDelegate.m */ = {isa = PBXFileReference; lastKnownFileType = sourcecode.c.objc; path = AppDelegate.m; sourceTree = "<group>"; };
		3A9B331E1C114DC900F47C86 /* Assets.xcassets */ = {isa = PBXFileReference; lastKnownFileType = folder.assetcatalog; path = Assets.xcassets; sourceTree = "<group>"; };
		3A9B33211C114DC900F47C86 /* Base */ = {isa = PBXFileReference; lastKnownFileType = file.storyboard; name = Base; path = Base.lproj/LaunchScreen.storyboard; sourceTree = "<group>"; };
		3A9B33231C114DC900F47C86 /* Info.plist */ = {isa = PBXFileReference; lastKnownFileType = text.plist.xml; path = Info.plist; sourceTree = "<group>"; };
		3A9B33281C114DC900F47C86 /* weiguangTests.xctest */ = {isa = PBXFileReference; explicitFileType = wrapper.cfbundle; includeInIndex = 0; path = weiguangTests.xctest; sourceTree = BUILT_PRODUCTS_DIR; };
		3A9B332C1C114DC900F47C86 /* weiguangTests.m */ = {isa = PBXFileReference; lastKnownFileType = sourcecode.c.objc; path = weiguangTests.m; sourceTree = "<group>"; };
		3A9B332E1C114DC900F47C86 /* Info.plist */ = {isa = PBXFileReference; lastKnownFileType = text.plist.xml; path = Info.plist; sourceTree = "<group>"; };
		3A9B33331C114DC900F47C86 /* weiguangUITests.xctest */ = {isa = PBXFileReference; explicitFileType = wrapper.cfbundle; includeInIndex = 0; path = weiguangUITests.xctest; sourceTree = BUILT_PRODUCTS_DIR; };
		3A9B33371C114DC900F47C86 /* weiguangUITests.m */ = {isa = PBXFileReference; lastKnownFileType = sourcecode.c.objc; path = weiguangUITests.m; sourceTree = "<group>"; };
		3A9B33391C114DC900F47C86 /* Info.plist */ = {isa = PBXFileReference; lastKnownFileType = text.plist.xml; path = Info.plist; sourceTree = "<group>"; };
		3ACCAC011C155C0B00867313 /* LeftSlideViewController.h */ = {isa = PBXFileReference; fileEncoding = 4; lastKnownFileType = sourcecode.c.h; path = LeftSlideViewController.h; sourceTree = "<group>"; };
		3ACCAC021C155C0B00867313 /* LeftSlideViewController.m */ = {isa = PBXFileReference; fileEncoding = 4; lastKnownFileType = sourcecode.c.objc; path = LeftSlideViewController.m; sourceTree = "<group>"; };
		A17E13283F859855EF37ED33 /* Pods-weiguang.debug.xcconfig */ = {isa = PBXFileReference; includeInIndex = 1; lastKnownFileType = text.xcconfig; name = "Pods-weiguang.debug.xcconfig"; path = "Pods/Target Support Files/Pods-weiguang/Pods-weiguang.debug.xcconfig"; sourceTree = "<group>"; };
		C2626335F970B88C4C4C36CB /* Pods-weiguang.release.xcconfig */ = {isa = PBXFileReference; includeInIndex = 1; lastKnownFileType = text.xcconfig; name = "Pods-weiguang.release.xcconfig"; path = "Pods/Target Support Files/Pods-weiguang/Pods-weiguang.release.xcconfig"; sourceTree = "<group>"; };
/* End PBXFileReference section */

/* Begin PBXFrameworksBuildPhase section */
		3A9B330C1C114DC900F47C86 /* Frameworks */ = {
			isa = PBXFrameworksBuildPhase;
			buildActionMask = 2147483647;
			files = (
				F665369F2CEEA044C1C04C64 /* libPods-weiguang.a in Frameworks */,
			);
			runOnlyForDeploymentPostprocessing = 0;
		};
		3A9B33251C114DC900F47C86 /* Frameworks */ = {
			isa = PBXFrameworksBuildPhase;
			buildActionMask = 2147483647;
			files = (
			);
			runOnlyForDeploymentPostprocessing = 0;
		};
		3A9B33301C114DC900F47C86 /* Frameworks */ = {
			isa = PBXFrameworksBuildPhase;
			buildActionMask = 2147483647;
			files = (
			);
			runOnlyForDeploymentPostprocessing = 0;
		};
/* End PBXFrameworksBuildPhase section */

/* Begin PBXGroup section */
		3A36DC1A1C15938200687693 /* PersonalSub */ = {
			isa = PBXGroup;
			children = (
			);
			path = PersonalSub;
			sourceTree = "<group>";
		};
		3A7F84DC1C118203009BB05A /* Resource */ = {
			isa = PBXGroup;
			children = (
				3A9B331E1C114DC900F47C86 /* Assets.xcassets */,
				3A9B33201C114DC900F47C86 /* LaunchScreen.storyboard */,
			);
			name = Resource;
			sourceTree = "<group>";
		};
		3A7F84DD1C118366009BB05A /* Define */ = {
			isa = PBXGroup;
			children = (
			);
			path = Define;
			sourceTree = "<group>";
		};
		3A7F84DE1C118366009BB05A /* Model */ = {
			isa = PBXGroup;
			children = (
			);
			path = Model;
			sourceTree = "<group>";
		};
		3A7F84DF1C118366009BB05A /* NetManager */ = {
			isa = PBXGroup;
			children = (
			);
			path = NetManager;
			sourceTree = "<group>";
		};
		3A7F84E11C118366009BB05A /* Util */ = {
			isa = PBXGroup;
			children = (
				3A7F84FF1C11A354009BB05A /* Category */,
			);
			path = Util;
			sourceTree = "<group>";
		};
		3A7F84E21C118366009BB05A /* Vendor */ = {
			isa = PBXGroup;
			children = (
			);
			path = Vendor;
			sourceTree = "<group>";
		};
		3A7F84E31C118366009BB05A /* View */ = {
			isa = PBXGroup;
			children = (
				3A7F84FC1C1193DD009BB05A /* UIView+extra.h */,
				3A7F84FD1C1193DD009BB05A /* UIView+extra.m */,
			);
			path = View;
			sourceTree = "<group>";
		};
		3A7F84E41C118366009BB05A /* ViewController */ = {
			isa = PBXGroup;
			children = (
				3ACCAC011C155C0B00867313 /* LeftSlideViewController.h */,
				3ACCAC021C155C0B00867313 /* LeftSlideViewController.m */,
				3A36DC171C15937400687693 /* PersonalViewController.h */,
				3A36DC181C15937400687693 /* PersonalViewController.m */,
				3A36DC1A1C15938200687693 /* PersonalSub */,
				3A36DC1E1C15949800687693 /* HomeViewController.h */,
				3A36DC1F1C15949800687693 /* HomeViewController.m */,
				3A7F84E61C118B02009BB05A /* Main */,
			);
			path = ViewController;
			sourceTree = "<group>";
		};
		3A7F84E51C118366009BB05A /* ViewModel */ = {
			isa = PBXGroup;
			children = (
			);
			path = ViewModel;
			sourceTree = "<group>";
		};
		3A7F84E61C118B02009BB05A /* Main */ = {
			isa = PBXGroup;
			children = (
				3A7F84E71C118BA2009BB05A /* InformationViewController.h */,
				3A7F84E81C118BA2009BB05A /* InformationViewController.m */,
				3A7F84EB1C118C7C009BB05A /* AroundViewController.h */,
				3A7F84EC1C118C7C009BB05A /* AroundViewController.m */,
				3A7F84EF1C118CE4009BB05A /* RecordViewController.h */,
				3A7F84F01C118CE4009BB05A /* RecordViewController.m */,
				3A7F84F31C118D93009BB05A /* DiscoveryViewController.h */,
				3A7F84F41C118D93009BB05A /* DiscoveryViewController.m */,
				3A7F84F71C118DD8009BB05A /* MoreViewController.h */,
				3A7F84F81C118DD8009BB05A /* MoreViewController.m */,
				3A7F84EA1C118C0A009BB05A /* InformationSub */,
				3A7F84EE1C118CA1009BB05A /* AroundSub */,
				3A7F84F21C118D15009BB05A /* RecordSub */,
				3A7F84F61C118DB0009BB05A /* DiscoverySub */,
				3A7F84FA1C118DEE009BB05A /* MoreSub */,
			);
			path = Main;
			sourceTree = "<group>";
		};
		3A7F84EA1C118C0A009BB05A /* InformationSub */ = {
			isa = PBXGroup;
			children = (
			);
			path = InformationSub;
			sourceTree = "<group>";
		};
		3A7F84EE1C118CA1009BB05A /* AroundSub */ = {
			isa = PBXGroup;
			children = (
			);
			path = AroundSub;
			sourceTree = "<group>";
		};
		3A7F84F21C118D15009BB05A /* RecordSub */ = {
			isa = PBXGroup;
			children = (
			);
			path = RecordSub;
			sourceTree = "<group>";
		};
		3A7F84F61C118DB0009BB05A /* DiscoverySub */ = {
			isa = PBXGroup;
			children = (
			);
			path = DiscoverySub;
			sourceTree = "<group>";
		};
		3A7F84FA1C118DEE009BB05A /* MoreSub */ = {
			isa = PBXGroup;
			children = (
			);
			path = MoreSub;
			sourceTree = "<group>";
		};
		3A7F84FF1C11A354009BB05A /* Category */ = {
			isa = PBXGroup;
			children = (
				3A7F85001C11A40E009BB05A /* NSObject+Parse.h */,
				3A7F85011C11A40E009BB05A /* NSObject+Parse.m */,
				3A36DC241C15B76200687693 /* UIViewController+Title.h */,
				3A36DC251C15B76200687693 /* UIViewController+Title.m */,
			);
			path = Category;
			sourceTree = "<group>";
		};
		3A9B33061C114DC900F47C86 = {
			isa = PBXGroup;
			children = (
				3A9B33111C114DC900F47C86 /* weiguang */,
				3A9B332B1C114DC900F47C86 /* weiguangTests */,
				3A9B33361C114DC900F47C86 /* weiguangUITests */,
				3A9B33101C114DC900F47C86 /* Products */,
				BCDF780CB6B948908FA7DAD3 /* Pods */,
				919E3F07D8F858C1CA6BFA54 /* Frameworks */,
			);
			sourceTree = "<group>";
		};
		3A9B33101C114DC900F47C86 /* Products */ = {
			isa = PBXGroup;
			children = (
				3A9B330F1C114DC900F47C86 /* weiguang.app */,
				3A9B33281C114DC900F47C86 /* weiguangTests.xctest */,
				3A9B33331C114DC900F47C86 /* weiguangUITests.xctest */,
			);
			name = Products;
			sourceTree = "<group>";
		};
		3A9B33111C114DC900F47C86 /* weiguang */ = {
			isa = PBXGroup;
			children = (
				3A7F84DD1C118366009BB05A /* Define */,
				3A7F84DE1C118366009BB05A /* Model */,
				3A7F84DF1C118366009BB05A /* NetManager */,
				3A7F84DC1C118203009BB05A /* Resource */,
				3A7F84E11C118366009BB05A /* Util */,
				3A7F84E21C118366009BB05A /* Vendor */,
				3A7F84E31C118366009BB05A /* View */,
				3A7F84E41C118366009BB05A /* ViewController */,
				3A7F84E51C118366009BB05A /* ViewModel */,
				3A9B33151C114DC900F47C86 /* AppDelegate.h */,
				3A9B33161C114DC900F47C86 /* AppDelegate.m */,
				3A9B33121C114DC900F47C86 /* Supporting Files */,
			);
			path = weiguang;
			sourceTree = "<group>";
		};
		3A9B33121C114DC900F47C86 /* Supporting Files */ = {
			isa = PBXGroup;
			children = (
				3A9B33231C114DC900F47C86 /* Info.plist */,
				3A9B33131C114DC900F47C86 /* main.m */,
			);
			name = "Supporting Files";
			sourceTree = "<group>";
		};
		3A9B332B1C114DC900F47C86 /* weiguangTests */ = {
			isa = PBXGroup;
			children = (
				3A9B332C1C114DC900F47C86 /* weiguangTests.m */,
				3A9B332E1C114DC900F47C86 /* Info.plist */,
			);
			path = weiguangTests;
			sourceTree = "<group>";
		};
		3A9B33361C114DC900F47C86 /* weiguangUITests */ = {
			isa = PBXGroup;
			children = (
				3A9B33371C114DC900F47C86 /* weiguangUITests.m */,
				3A9B33391C114DC900F47C86 /* Info.plist */,
			);
			path = weiguangUITests;
			sourceTree = "<group>";
		};
		919E3F07D8F858C1CA6BFA54 /* Frameworks */ = {
			isa = PBXGroup;
			children = (
				0FABFD14EB7841E7009C0A04 /* libPods-weiguang.a */,
			);
			name = Frameworks;
			sourceTree = "<group>";
		};
		BCDF780CB6B948908FA7DAD3 /* Pods */ = {
			isa = PBXGroup;
			children = (
				A17E13283F859855EF37ED33 /* Pods-weiguang.debug.xcconfig */,
				C2626335F970B88C4C4C36CB /* Pods-weiguang.release.xcconfig */,
			);
			name = Pods;
			sourceTree = "<group>";
		};
/* End PBXGroup section */

/* Begin PBXNativeTarget section */
		3A9B330E1C114DC900F47C86 /* weiguang */ = {
			isa = PBXNativeTarget;
			buildConfigurationList = 3A9B333C1C114DC900F47C86 /* Build configuration list for PBXNativeTarget "weiguang" */;
			buildPhases = (
				3255D52535D228FE8DCB300A /* Check Pods Manifest.lock */,
				3A9B330B1C114DC900F47C86 /* Sources */,
				3A9B330C1C114DC900F47C86 /* Frameworks */,
				3A9B330D1C114DC900F47C86 /* Resources */,
				1978DF443B999AA4A8EA523C /* Embed Pods Frameworks */,
				B3178B659CEC0FB5FACB64DC /* Copy Pods Resources */,
			);
			buildRules = (
			);
			dependencies = (
			);
			name = weiguang;
			productName = weiguang;
			productReference = 3A9B330F1C114DC900F47C86 /* weiguang.app */;
			productType = "com.apple.product-type.application";
		};
		3A9B33271C114DC900F47C86 /* weiguangTests */ = {
			isa = PBXNativeTarget;
			buildConfigurationList = 3A9B333F1C114DC900F47C86 /* Build configuration list for PBXNativeTarget "weiguangTests" */;
			buildPhases = (
				3A9B33241C114DC900F47C86 /* Sources */,
				3A9B33251C114DC900F47C86 /* Frameworks */,
				3A9B33261C114DC900F47C86 /* Resources */,
			);
			buildRules = (
			);
			dependencies = (
				3A9B332A1C114DC900F47C86 /* PBXTargetDependency */,
			);
			name = weiguangTests;
			productName = weiguangTests;
			productReference = 3A9B33281C114DC900F47C86 /* weiguangTests.xctest */;
			productType = "com.apple.product-type.bundle.unit-test";
		};
		3A9B33321C114DC900F47C86 /* weiguangUITests */ = {
			isa = PBXNativeTarget;
			buildConfigurationList = 3A9B33421C114DC900F47C86 /* Build configuration list for PBXNativeTarget "weiguangUITests" */;
			buildPhases = (
				3A9B332F1C114DC900F47C86 /* Sources */,
				3A9B33301C114DC900F47C86 /* Frameworks */,
				3A9B33311C114DC900F47C86 /* Resources */,
			);
			buildRules = (
			);
			dependencies = (
				3A9B33351C114DC900F47C86 /* PBXTargetDependency */,
			);
			name = weiguangUITests;
			productName = weiguangUITests;
			productReference = 3A9B33331C114DC900F47C86 /* weiguangUITests.xctest */;
			productType = "com.apple.product-type.bundle.ui-testing";
		};
/* End PBXNativeTarget section */

/* Begin PBXProject section */
		3A9B33071C114DC900F47C86 /* Project object */ = {
			isa = PBXProject;
			attributes = {
				LastUpgradeCheck = 0700;
				ORGANIZATIONNAME = tiankey;
				TargetAttributes = {
					3A9B330E1C114DC900F47C86 = {
						CreatedOnToolsVersion = 7.0;
					};
					3A9B33271C114DC900F47C86 = {
						CreatedOnToolsVersion = 7.0;
						TestTargetID = 3A9B330E1C114DC900F47C86;
					};
					3A9B33321C114DC900F47C86 = {
						CreatedOnToolsVersion = 7.0;
						TestTargetID = 3A9B330E1C114DC900F47C86;
					};
				};
			};
			buildConfigurationList = 3A9B330A1C114DC900F47C86 /* Build configuration list for PBXProject "weiguang" */;
			compatibilityVersion = "Xcode 3.2";
			developmentRegion = English;
			hasScannedForEncodings = 0;
			knownRegions = (
				en,
				Base,
			);
			mainGroup = 3A9B33061C114DC900F47C86;
			productRefGroup = 3A9B33101C114DC900F47C86 /* Products */;
			projectDirPath = "";
			projectRoot = "";
			targets = (
				3A9B330E1C114DC900F47C86 /* weiguang */,
				3A9B33271C114DC900F47C86 /* weiguangTests */,
				3A9B33321C114DC900F47C86 /* weiguangUITests */,
			);
		};
/* End PBXProject section */

/* Begin PBXResourcesBuildPhase section */
		3A9B330D1C114DC900F47C86 /* Resources */ = {
			isa = PBXResourcesBuildPhase;
			buildActionMask = 2147483647;
			files = (
				3A9B33221C114DC900F47C86 /* LaunchScreen.storyboard in Resources */,
				3A9B331F1C114DC900F47C86 /* Assets.xcassets in Resources */,
			);
			runOnlyForDeploymentPostprocessing = 0;
		};
		3A9B33261C114DC900F47C86 /* Resources */ = {
			isa = PBXResourcesBuildPhase;
			buildActionMask = 2147483647;
			files = (
			);
			runOnlyForDeploymentPostprocessing = 0;
		};
		3A9B33311C114DC900F47C86 /* Resources */ = {
			isa = PBXResourcesBuildPhase;
			buildActionMask = 2147483647;
			files = (
			);
			runOnlyForDeploymentPostprocessing = 0;
		};
/* End PBXResourcesBuildPhase section */

/* Begin PBXShellScriptBuildPhase section */
		1978DF443B999AA4A8EA523C /* Embed Pods Frameworks */ = {
			isa = PBXShellScriptBuildPhase;
			buildActionMask = 2147483647;
			files = (
			);
			inputPaths = (
			);
			name = "Embed Pods Frameworks";
			outputPaths = (
			);
			runOnlyForDeploymentPostprocessing = 0;
			shellPath = /bin/sh;
			shellScript = "\"${SRCROOT}/Pods/Target Support Files/Pods-weiguang/Pods-weiguang-frameworks.sh\"\n";
			showEnvVarsInLog = 0;
		};
		3255D52535D228FE8DCB300A /* Check Pods Manifest.lock */ = {
			isa = PBXShellScriptBuildPhase;
			buildActionMask = 2147483647;
			files = (
			);
			inputPaths = (
			);
			name = "Check Pods Manifest.lock";
			outputPaths = (
			);
			runOnlyForDeploymentPostprocessing = 0;
			shellPath = /bin/sh;
			shellScript = "diff \"${PODS_ROOT}/../Podfile.lock\" \"${PODS_ROOT}/Manifest.lock\" > /dev/null\nif [[ $? != 0 ]] ; then\n    cat << EOM\nerror: The sandbox is not in sync with the Podfile.lock. Run 'pod install' or update your CocoaPods installation.\nEOM\n    exit 1\nfi\n";
			showEnvVarsInLog = 0;
		};
		B3178B659CEC0FB5FACB64DC /* Copy Pods Resources */ = {
			isa = PBXShellScriptBuildPhase;
			buildActionMask = 2147483647;
			files = (
			);
			inputPaths = (
			);
			name = "Copy Pods Resources";
			outputPaths = (
			);
			runOnlyForDeploymentPostprocessing = 0;
			shellPath = /bin/sh;
			shellScript = "\"${SRCROOT}/Pods/Target Support Files/Pods-weiguang/Pods-weiguang-resources.sh\"\n";
			showEnvVarsInLog = 0;
		};
/* End PBXShellScriptBuildPhase section */

/* Begin PBXSourcesBuildPhase section */
		3A9B330B1C114DC900F47C86 /* Sources */ = {
			isa = PBXSourcesBuildPhase;
			buildActionMask = 2147483647;
			files = (
				3A7F84E91C118BA2009BB05A /* InformationViewController.m in Sources */,
				3ACCAC031C155C0B00867313 /* LeftSlideViewController.m in Sources */,
				3A7F84FE1C1193DD009BB05A /* UIView+extra.m in Sources */,
				3A7F84ED1C118C7C009BB05A /* AroundViewController.m in Sources */,
				3A9B33171C114DC900F47C86 /* AppDelegate.m in Sources */,
				3A36DC261C15B76200687693 /* UIViewController+Title.m in Sources */,
				3A7F84F51C118D93009BB05A /* DiscoveryViewController.m in Sources */,
				3A9B33141C114DC900F47C86 /* main.m in Sources */,
				3A7F85021C11A40E009BB05A /* NSObject+Parse.m in Sources */,
				3A7F84F91C118DD8009BB05A /* MoreViewController.m in Sources */,
				3A7F84F11C118CE4009BB05A /* RecordViewController.m in Sources */,
				3A36DC191C15937400687693 /* PersonalViewController.m in Sources */,
				3A36DC201C15949800687693 /* HomeViewController.m in Sources */,
			);
			runOnlyForDeploymentPostprocessing = 0;
		};
		3A9B33241C114DC900F47C86 /* Sources */ = {
			isa = PBXSourcesBuildPhase;
			buildActionMask = 2147483647;
			files = (
				3A9B332D1C114DC900F47C86 /* weiguangTests.m in Sources */,
			);
			runOnlyForDeploymentPostprocessing = 0;
		};
		3A9B332F1C114DC900F47C86 /* Sources */ = {
			isa = PBXSourcesBuildPhase;
			buildActionMask = 2147483647;
			files = (
				3A9B33381C114DC900F47C86 /* weiguangUITests.m in Sources */,
			);
			runOnlyForDeploymentPostprocessing = 0;
		};
/* End PBXSourcesBuildPhase section */

/* Begin PBXTargetDependency section */
		3A9B332A1C114DC900F47C86 /* PBXTargetDependency */ = {
			isa = PBXTargetDependency;
			target = 3A9B330E1C114DC900F47C86 /* weiguang */;
			targetProxy = 3A9B33291C114DC900F47C86 /* PBXContainerItemProxy */;
		};
		3A9B33351C114DC900F47C86 /* PBXTargetDependency */ = {
			isa = PBXTargetDependency;
			target = 3A9B330E1C114DC900F47C86 /* weiguang */;
			targetProxy = 3A9B33341C114DC900F47C86 /* PBXContainerItemProxy */;
		};
/* End PBXTargetDependency section */

/* Begin PBXVariantGroup section */
		3A9B33201C114DC900F47C86 /* LaunchScreen.storyboard */ = {
			isa = PBXVariantGroup;
			children = (
				3A9B33211C114DC900F47C86 /* Base */,
			);
			name = LaunchScreen.storyboard;
			sourceTree = "<group>";
		};
/* End PBXVariantGroup section */

/* Begin XCBuildConfiguration section */
		3A9B333A1C114DC900F47C86 /* Debug */ = {
			isa = XCBuildConfiguration;
			buildSettings = {
				ALWAYS_SEARCH_USER_PATHS = NO;
				CLANG_CXX_LANGUAGE_STANDARD = "gnu++0x";
				CLANG_CXX_LIBRARY = "libc++";
				CLANG_ENABLE_MODULES = YES;
				CLANG_ENABLE_OBJC_ARC = YES;
				CLANG_WARN_BOOL_CONVERSION = YES;
				CLANG_WARN_CONSTANT_CONVERSION = YES;
				CLANG_WARN_DIRECT_OBJC_ISA_USAGE = YES_ERROR;
				CLANG_WARN_EMPTY_BODY = YES;
				CLANG_WARN_ENUM_CONVERSION = YES;
				CLANG_WARN_INT_CONVERSION = YES;
				CLANG_WARN_OBJC_ROOT_CLASS = YES_ERROR;
				CLANG_WARN_UNREACHABLE_CODE = YES;
				CLANG_WARN__DUPLICATE_METHOD_MATCH = YES;
				"CODE_SIGN_IDENTITY[sdk=iphoneos*]" = "iPhone Developer";
				COPY_PHASE_STRIP = NO;
				DEBUG_INFORMATION_FORMAT = dwarf;
				ENABLE_STRICT_OBJC_MSGSEND = YES;
				ENABLE_TESTABILITY = YES;
				GCC_C_LANGUAGE_STANDARD = gnu99;
				GCC_DYNAMIC_NO_PIC = NO;
				GCC_NO_COMMON_BLOCKS = YES;
				GCC_OPTIMIZATION_LEVEL = 0;
				GCC_PREPROCESSOR_DEFINITIONS = (
					"DEBUG=1",
					"$(inherited)",
				);
				GCC_WARN_64_TO_32_BIT_CONVERSION = YES;
				GCC_WARN_ABOUT_RETURN_TYPE = YES_ERROR;
				GCC_WARN_UNDECLARED_SELECTOR = YES;
				GCC_WARN_UNINITIALIZED_AUTOS = YES_AGGRESSIVE;
				GCC_WARN_UNUSED_FUNCTION = YES;
				GCC_WARN_UNUSED_VARIABLE = YES;
				IPHONEOS_DEPLOYMENT_TARGET = 9.0;
				MTL_ENABLE_DEBUG_INFO = YES;
				ONLY_ACTIVE_ARCH = YES;
				SDKROOT = iphoneos;
			};
			name = Debug;
		};
		3A9B333B1C114DC900F47C86 /* Release */ = {
			isa = XCBuildConfiguration;
			buildSettings = {
				ALWAYS_SEARCH_USER_PATHS = NO;
				CLANG_CXX_LANGUAGE_STANDARD = "gnu++0x";
				CLANG_CXX_LIBRARY = "libc++";
				CLANG_ENABLE_MODULES = YES;
				CLANG_ENABLE_OBJC_ARC = YES;
				CLANG_WARN_BOOL_CONVERSION = YES;
				CLANG_WARN_CONSTANT_CONVERSION = YES;
				CLANG_WARN_DIRECT_OBJC_ISA_USAGE = YES_ERROR;
				CLANG_WARN_EMPTY_BODY = YES;
				CLANG_WARN_ENUM_CONVERSION = YES;
				CLANG_WARN_INT_CONVERSION = YES;
				CLANG_WARN_OBJC_ROOT_CLASS = YES_ERROR;
				CLANG_WARN_UNREACHABLE_CODE = YES;
				CLANG_WARN__DUPLICATE_METHOD_MATCH = YES;
				"CODE_SIGN_IDENTITY[sdk=iphoneos*]" = "iPhone Developer";
				COPY_PHASE_STRIP = NO;
				DEBUG_INFORMATION_FORMAT = "dwarf-with-dsym";
				ENABLE_NS_ASSERTIONS = NO;
				ENABLE_STRICT_OBJC_MSGSEND = YES;
				GCC_C_LANGUAGE_STANDARD = gnu99;
				GCC_NO_COMMON_BLOCKS = YES;
				GCC_WARN_64_TO_32_BIT_CONVERSION = YES;
				GCC_WARN_ABOUT_RETURN_TYPE = YES_ERROR;
				GCC_WARN_UNDECLARED_SELECTOR = YES;
				GCC_WARN_UNINITIALIZED_AUTOS = YES_AGGRESSIVE;
				GCC_WARN_UNUSED_FUNCTION = YES;
				GCC_WARN_UNUSED_VARIABLE = YES;
				IPHONEOS_DEPLOYMENT_TARGET = 9.0;
				MTL_ENABLE_DEBUG_INFO = NO;
				SDKROOT = iphoneos;
				VALIDATE_PRODUCT = YES;
			};
			name = Release;
		};
		3A9B333D1C114DC900F47C86 /* Debug */ = {
			isa = XCBuildConfiguration;
			baseConfigurationReference = A17E13283F859855EF37ED33 /* Pods-weiguang.debug.xcconfig */;
			buildSettings = {
				ASSETCATALOG_COMPILER_APPICON_NAME = AppIcon;
				INFOPLIST_FILE = weiguang/Info.plist;
				IPHONEOS_DEPLOYMENT_TARGET = 7.0;
				LD_RUNPATH_SEARCH_PATHS = "$(inherited) @executable_path/Frameworks";
				PRODUCT_BUNDLE_IDENTIFIER = yixiaojichunqiu.weiguang;
				PRODUCT_NAME = "$(TARGET_NAME)";
			};
			name = Debug;
		};
		3A9B333E1C114DC900F47C86 /* Release */ = {
			isa = XCBuildConfiguration;
			baseConfigurationReference = C2626335F970B88C4C4C36CB /* Pods-weiguang.release.xcconfig */;
			buildSettings = {
				ASSETCATALOG_COMPILER_APPICON_NAME = AppIcon;
				INFOPLIST_FILE = weiguang/Info.plist;
				IPHONEOS_DEPLOYMENT_TARGET = 7.0;
				LD_RUNPATH_SEARCH_PATHS = "$(inherited) @executable_path/Frameworks";
				PRODUCT_BUNDLE_IDENTIFIER = yixiaojichunqiu.weiguang;
				PRODUCT_NAME = "$(TARGET_NAME)";
			};
			name = Release;
		};
		3A9B33401C114DC900F47C86 /* Debug */ = {
			isa = XCBuildConfiguration;
			buildSettings = {
				BUNDLE_LOADER = "$(TEST_HOST)";
				INFOPLIST_FILE = weiguangTests/Info.plist;
				LD_RUNPATH_SEARCH_PATHS = "$(inherited) @executable_path/Frameworks @loader_path/Frameworks";
				PRODUCT_BUNDLE_IDENTIFIER = yixiaojichunqiu.weiguangTests;
				PRODUCT_NAME = "$(TARGET_NAME)";
				TEST_HOST = "$(BUILT_PRODUCTS_DIR)/weiguang.app/weiguang";
			};
			name = Debug;
		};
		3A9B33411C114DC900F47C86 /* Release */ = {
			isa = XCBuildConfiguration;
			buildSettings = {
				BUNDLE_LOADER = "$(TEST_HOST)";
				INFOPLIST_FILE = weiguangTests/Info.plist;
				LD_RUNPATH_SEARCH_PATHS = "$(inherited) @executable_path/Frameworks @loader_path/Frameworks";
				PRODUCT_BUNDLE_IDENTIFIER = yixiaojichunqiu.weiguangTests;
				PRODUCT_NAME = "$(TARGET_NAME)";
				TEST_HOST = "$(BUILT_PRODUCTS_DIR)/weiguang.app/weiguang";
			};
			name = Release;
		};
		3A9B33431C114DC900F47C86 /* Debug */ = {
			isa = XCBuildConfiguration;
			buildSettings = {
				INFOPLIST_FILE = weiguangUITests/Info.plist;
				LD_RUNPATH_SEARCH_PATHS = "$(inherited) @executable_path/Frameworks @loader_path/Frameworks";
				PRODUCT_BUNDLE_IDENTIFIER = yixiaojichunqiu.weiguangUITests;
				PRODUCT_NAME = "$(TARGET_NAME)";
				TEST_TARGET_NAME = weiguang;
				USES_XCTRUNNER = YES;
			};
			name = Debug;
		};
		3A9B33441C114DC900F47C86 /* Release */ = {
			isa = XCBuildConfiguration;
			buildSettings = {
				INFOPLIST_FILE = weiguangUITests/Info.plist;
				LD_RUNPATH_SEARCH_PATHS = "$(inherited) @executable_path/Frameworks @loader_path/Frameworks";
				PRODUCT_BUNDLE_IDENTIFIER = yixiaojichunqiu.weiguangUITests;
				PRODUCT_NAME = "$(TARGET_NAME)";
				TEST_TARGET_NAME = weiguang;
				USES_XCTRUNNER = YES;
			};
			name = Release;
		};
/* End XCBuildConfiguration section */

/* Begin XCConfigurationList section */
		3A9B330A1C114DC900F47C86 /* Build configuration list for PBXProject "weiguang" */ = {
			isa = XCConfigurationList;
			buildConfigurations = (
				3A9B333A1C114DC900F47C86 /* Debug */,
				3A9B333B1C114DC900F47C86 /* Release */,
			);
			defaultConfigurationIsVisible = 0;
			defaultConfigurationName = Release;
		};
		3A9B333C1C114DC900F47C86 /* Build configuration list for PBXNativeTarget "weiguang" */ = {
			isa = XCConfigurationList;
			buildConfigurations = (
				3A9B333D1C114DC900F47C86 /* Debug */,
				3A9B333E1C114DC900F47C86 /* Release */,
			);
			defaultConfigurationIsVisible = 0;
			defaultConfigurationName = Release;
		};
		3A9B333F1C114DC900F47C86 /* Build configuration list for PBXNativeTarget "weiguangTests" */ = {
			isa = XCConfigurationList;
			buildConfigurations = (
				3A9B33401C114DC900F47C86 /* Debug */,
				3A9B33411C114DC900F47C86 /* Release */,
			);
			defaultConfigurationIsVisible = 0;
			defaultConfigurationName = Release;
		};
		3A9B33421C114DC900F47C86 /* Build configuration list for PBXNativeTarget "weiguangUITests" */ = {
			isa = XCConfigurationList;
			buildConfigurations = (
				3A9B33431C114DC900F47C86 /* Debug */,
				3A9B33441C114DC900F47C86 /* Release */,
			);
			defaultConfigurationIsVisible = 0;
			defaultConfigurationName = Release;
		};
/* End XCConfigurationList section */
	};
	rootObject = 3A9B33071C114DC900F47C86 /* Project object */;
}
